
Microsoft Visual Studio Solution File, Format Version 12.00
# Visual Studio Version 17
VisualStudioVersion = 17.13.35818.85
MinimumVisualStudioVersion = 10.0.40219.1
Project("{FAE04EC0-301F-11D3-BF4B-00C04F79EFBC}") = "VillaVista", "VillaVista\VillaVista.csproj", "{6442E225-8D0C-4F29-B6FA-E0DC84D03AFE}"
EndProject
Global
	GlobalSection(SolutionConfigurationPlatforms) = preSolution
		Debug|Any CPU = Debug|Any CPU
		Release|Any CPU = Release|Any CPU
	EndGlobalSection
	GlobalSection(ProjectConfigurationPlatforms) = postSolution
		{6442E225-8D0C-4F29-B6FA-E0DC84D03AFE}.Debug|Any CPU.ActiveCfg = Debug|Any CPU
		{6442E225-8D0C-4F29-B6FA-E0DC84D03AFE}.Debug|Any CPU.Build.0 = Debug|Any CPU
		{6442E225-8D0C-4F29-B6FA-E0DC84D03AFE}.Release|Any CPU.ActiveCfg = Release|Any CPU
		{6442E225-8D0C-4F29-B6FA-E0DC84D03AFE}.Release|Any CPU.Build.0 = Release|Any CPU
	EndGlobalSection
	GlobalSection(SolutionProperties) = preSolution
		HideSolutionNode = FALSE
	EndGlobalSection
	GlobalSection(ExtensibilityGlobals) = postSolution
		SolutionGuid = {F3169CFE-45CB-4E51-84AE-2D120570FDB4}
	EndGlobalSection
EndGlobal
